// !$*UTF8*$!
{
	archiveVersion = 1;
	classes = {
	};
	objectVersion = 46;
	objects = {

/* Begin PBXBuildFile section */
		C303108B1D0747A6003D85C3 /* AppDelegate.swift in Sources */ = {isa = PBXBuildFile; fileRef = C303108A1D0747A6003D85C3 /* AppDelegate.swift */; };
		C303108D1D0747A6003D85C3 /* ViewController.swift in Sources */ = {isa = PBXBuildFile; fileRef = C303108C1D0747A6003D85C3 /* ViewController.swift */; };
		C30310901D0747A6003D85C3 /* Main.storyboard in Resources */ = {isa = PBXBuildFile; fileRef = C303108E1D0747A6003D85C3 /* Main.storyboard */; };
		C30310921D0747A6003D85C3 /* Assets.xcassets in Resources */ = {isa = PBXBuildFile; fileRef = C30310911D0747A6003D85C3 /* Assets.xcassets */; };
		C30310951D0747A6003D85C3 /* LaunchScreen.storyboard in Resources */ = {isa = PBXBuildFile; fileRef = C30310931D0747A6003D85C3 /* LaunchScreen.storyboard */; };
		C30310BB1D075AB8003D85C3 /* Giphy.swift in Sources */ = {isa = PBXBuildFile; fileRef = C30310BA1D075AB8003D85C3 /* Giphy.swift */; };
		C30310BD1D075BEC003D85C3 /* Gif.swift in Sources */ = {isa = PBXBuildFile; fileRef = C30310BC1D075BEC003D85C3 /* Gif.swift */; };
		C30310BF1D0762A1003D85C3 /* GifCollectionViewCell.swift in Sources */ = {isa = PBXBuildFile; fileRef = C30310BE1D0762A1003D85C3 /* GifCollectionViewCell.swift */; };
		E1FD67541D9ECC704386A872 /* Pods_Giphy_Search.framework in Frameworks */ = {isa = PBXBuildFile; fileRef = 34883A5381E7DF8CED89D070 /* Pods_Giphy_Search.framework */; };
/* End PBXBuildFile section */

/* Begin PBXFileReference section */
		34883A5381E7DF8CED89D070 /* Pods_Giphy_Search.framework */ = {isa = PBXFileReference; explicitFileType = wrapper.framework; includeInIndex = 0; path = Pods_Giphy_Search.framework; sourceTree = BUILT_PRODUCTS_DIR; };
		57D26BDCDF773ADE6B9C95AD /* Pods-Giphy Search.release.xcconfig */ = {isa = PBXFileReference; includeInIndex = 1; lastKnownFileType = text.xcconfig; name = "Pods-Giphy Search.release.xcconfig"; path = "Pods/Target Support Files/Pods-Giphy Search/Pods-Giphy Search.release.xcconfig"; sourceTree = "<group>"; };
		60553D257C83E310F7C8A34A /* Pods-Giphy Search.debug.xcconfig */ = {isa = PBXFileReference; includeInIndex = 1; lastKnownFileType = text.xcconfig; name = "Pods-Giphy Search.debug.xcconfig"; path = "Pods/Target Support Files/Pods-Giphy Search/Pods-Giphy Search.debug.xcconfig"; sourceTree = "<group>"; };
		C30310871D0747A6003D85C3 /* Giphy Search.app */ = {isa = PBXFileReference; explicitFileType = wrapper.application; includeInIndex = 0; path = "Giphy Search.app"; sourceTree = BUILT_PRODUCTS_DIR; };
		C303108A1D0747A6003D85C3 /* AppDelegate.swift */ = {isa = PBXFileReference; lastKnownFileType = sourcecode.swift; path = AppDelegate.swift; sourceTree = "<group>"; };
		C303108C1D0747A6003D85C3 /* ViewController.swift */ = {isa = PBXFileReference; lastKnownFileType = sourcecode.swift; path = ViewController.swift; sourceTree = "<group>"; };
		C303108F1D0747A6003D85C3 /* Base */ = {isa = PBXFileReference; lastKnownFileType = file.storyboard; name = Base; path = Base.lproj/Main.storyboard; sourceTree = "<group>"; };
		C30310911D0747A6003D85C3 /* Assets.xcassets */ = {isa = PBXFileReference; lastKnownFileType = folder.assetcatalog; path = Assets.xcassets; sourceTree = "<group>"; };
		C30310941D0747A6003D85C3 /* Base */ = {isa = PBXFileReference; lastKnownFileType = file.storyboard; name = Base; path = Base.lproj/LaunchScreen.storyboard; sourceTree = "<group>"; };
		C30310961D0747A6003D85C3 /* Info.plist */ = {isa = PBXFileReference; lastKnownFileType = text.plist.xml; path = Info.plist; sourceTree = "<group>"; };
		C30310BA1D075AB8003D85C3 /* Giphy.swift */ = {isa = PBXFileReference; fileEncoding = 4; lastKnownFileType = sourcecode.swift; path = Giphy.swift; sourceTree = "<group>"; };
		C30310BC1D075BEC003D85C3 /* Gif.swift */ = {isa = PBXFileReference; fileEncoding = 4; lastKnownFileType = sourcecode.swift; path = Gif.swift; sourceTree = "<group>"; };
		C30310BE1D0762A1003D85C3 /* GifCollectionViewCell.swift */ = {isa = PBXFileReference; fileEncoding = 4; lastKnownFileType = sourcecode.swift; path = GifCollectionViewCell.swift; sourceTree = "<group>"; };
/* End PBXFileReference section */

/* Begin PBXFrameworksBuildPhase section */
		C30310841D0747A6003D85C3 /* Frameworks */ = {
			isa = PBXFrameworksBuildPhase;
			buildActionMask = 2147483647;
			files = (
				E1FD67541D9ECC704386A872 /* Pods_Giphy_Search.framework in Frameworks */,
			);
			runOnlyForDeploymentPostprocessing = 0;
		};
/* End PBXFrameworksBuildPhase section */

/* Begin PBXGroup section */
		2DA0C9751E0C3E1E7C9015B5 /* Frameworks */ = {
			isa = PBXGroup;
			children = (
				34883A5381E7DF8CED89D070 /* Pods_Giphy_Search.framework */,
			);
			name = Frameworks;
			sourceTree = "<group>";
		};
		C303107E1D0747A6003D85C3 = {
			isa = PBXGroup;
			children = (
				C30310891D0747A6003D85C3 /* Giphy Search */,
				C30310881D0747A6003D85C3 /* Products */,
				D6965AC464C3B6BC7163713F /* Pods */,
				2DA0C9751E0C3E1E7C9015B5 /* Frameworks */,
			);
			sourceTree = "<group>";
		};
		C30310881D0747A6003D85C3 /* Products */ = {
			isa = PBXGroup;
			children = (
				C30310871D0747A6003D85C3 /* Giphy Search.app */,
			);
			name = Products;
			sourceTree = "<group>";
		};
		C30310891D0747A6003D85C3 /* Giphy Search */ = {
			isa = PBXGroup;
			children = (
				C303108A1D0747A6003D85C3 /* AppDelegate.swift */,
				C303108C1D0747A6003D85C3 /* ViewController.swift */,
				C30310BC1D075BEC003D85C3 /* Gif.swift */,
				C30310BE1D0762A1003D85C3 /* GifCollectionViewCell.swift */,
				C30310BA1D075AB8003D85C3 /* Giphy.swift */,
				C303108E1D0747A6003D85C3 /* Main.storyboard */,
				C30310911D0747A6003D85C3 /* Assets.xcassets */,
				C30310931D0747A6003D85C3 /* LaunchScreen.storyboard */,
				C30310961D0747A6003D85C3 /* Info.plist */,
			);
			path = "Giphy Search";
			sourceTree = "<group>";
		};
		D6965AC464C3B6BC7163713F /* Pods */ = {
			isa = PBXGroup;
			children = (
				60553D257C83E310F7C8A34A /* Pods-Giphy Search.debug.xcconfig */,
				57D26BDCDF773ADE6B9C95AD /* Pods-Giphy Search.release.xcconfig */,
			);
			name = Pods;
			sourceTree = "<group>";
		};
/* End PBXGroup section */

/* Begin PBXNativeTarget section */
		C30310861D0747A6003D85C3 /* Giphy Search */ = {
			isa = PBXNativeTarget;
			buildConfigurationList = C30310991D0747A6003D85C3 /* Build configuration list for PBXNativeTarget "Giphy Search" */;
			buildPhases = (
				B55C1F04E58E024876AD9D45 /* 📦 Check Pods Manifest.lock */,
				C30310831D0747A6003D85C3 /* Sources */,
				C30310841D0747A6003D85C3 /* Frameworks */,
				C30310851D0747A6003D85C3 /* Resources */,
				C4092C3C9FE091FCEDCE9EEC /* 📦 Embed Pods Frameworks */,
				F9C396C6BD4F9442B45A0F17 /* 📦 Copy Pods Resources */,
			);
			buildRules = (
			);
			dependencies = (
			);
			name = "Giphy Search";
			productName = "Giphy Search";
			productReference = C30310871D0747A6003D85C3 /* Giphy Search.app */;
			productType = "com.apple.product-type.application";
		};
/* End PBXNativeTarget section */

/* Begin PBXProject section */
		C303107F1D0747A6003D85C3 /* Project object */ = {
			isa = PBXProject;
			attributes = {
				LastSwiftUpdateCheck = 0730;
				LastUpgradeCheck = 0730;
				ORGANIZATIONNAME = "Cody Robbins";
				TargetAttributes = {
					C30310861D0747A6003D85C3 = {
						CreatedOnToolsVersion = 7.3.1;
						DevelopmentTeam = 8GDWA8DQ44;
					};
				};
			};
			buildConfigurationList = C30310821D0747A6003D85C3 /* Build configuration list for PBXProject "Giphy Search" */;
			compatibilityVersion = "Xcode 3.2";
			developmentRegion = English;
			hasScannedForEncodings = 0;
			knownRegions = (
				en,
				Base,
			);
			mainGroup = C303107E1D0747A6003D85C3;
			productRefGroup = C30310881D0747A6003D85C3 /* Products */;
			projectDirPath = "";
			projectRoot = "";
			targets = (
				C30310861D0747A6003D85C3 /* Giphy Search */,
			);
		};
/* End PBXProject section */

/* Begin PBXResourcesBuildPhase section */
		C30310851D0747A6003D85C3 /* Resources */ = {
			isa = PBXResourcesBuildPhase;
			buildActionMask = 2147483647;
			files = (
				C30310951D0747A6003D85C3 /* LaunchScreen.storyboard in Resources */,
				C30310921D0747A6003D85C3 /* Assets.xcassets in Resources */,
				C30310901D0747A6003D85C3 /* Main.storyboard in Resources */,
			);
			runOnlyForDeploymentPostprocessing = 0;
		};
/* End PBXResourcesBuildPhase section */

/* Begin PBXShellScriptBuildPhase section */
		B55C1F04E58E024876AD9D45 /* 📦 Check Pods Manifest.lock */ = {
			isa = PBXShellScriptBuildPhase;
			buildActionMask = 2147483647;
			files = (
			);
			inputPaths = (
			);
			name = "📦 Check Pods Manifest.lock";
			outputPaths = (
			);
			runOnlyForDeploymentPostprocessing = 0;
			shellPath = /bin/sh;
			shellScript = "diff \"${PODS_ROOT}/../Podfile.lock\" \"${PODS_ROOT}/Manifest.lock\" > /dev/null\nif [[ $? != 0 ]] ; then\n    cat << EOM\nerror: The sandbox is not in sync with the Podfile.lock. Run 'pod install' or update your CocoaPods installation.\nEOM\n    exit 1\nfi\n";
			showEnvVarsInLog = 0;
		};
		C4092C3C9FE091FCEDCE9EEC /* 📦 Embed Pods Frameworks */ = {
			isa = PBXShellScriptBuildPhase;
			buildActionMask = 2147483647;
			files = (
			);
			inputPaths = (
			);
			name = "📦 Embed Pods Frameworks";
			outputPaths = (
			);
			runOnlyForDeploymentPostprocessing = 0;
			shellPath = /bin/sh;
			shellScript = "\"${SRCROOT}/Pods/Target Support Files/Pods-Giphy Search/Pods-Giphy Search-frameworks.sh\"\n";
			showEnvVarsInLog = 0;
		};
		F9C396C6BD4F9442B45A0F17 /* 📦 Copy Pods Resources */ = {
			isa = PBXShellScriptBuildPhase;
			buildActionMask = 2147483647;
			files = (
			);
			inputPaths = (
			);
			name = "📦 Copy Pods Resources";
			outputPaths = (
			);
			runOnlyForDeploymentPostprocessing = 0;
			shellPath = /bin/sh;
			shellScript = "\"${SRCROOT}/Pods/Target Support Files/Pods-Giphy Search/Pods-Giphy Search-resources.sh\"\n";
			showEnvVarsInLog = 0;
		};
/* End PBXShellScriptBuildPhase section */

/* Begin PBXSourcesBuildPhase section */
		C30310831D0747A6003D85C3 /* Sources */ = {
			isa = PBXSourcesBuildPhase;
			buildActionMask = 2147483647;
			files = (
				C303108D1D0747A6003D85C3 /* ViewController.swift in Sources */,
				C30310BF1D0762A1003D85C3 /* GifCollectionViewCell.swift in Sources */,
				C30310BB1D075AB8003D85C3 /* Giphy.swift in Sources */,
				C30310BD1D075BEC003D85C3 /* Gif.swift in Sources */,
				C303108B1D0747A6003D85C3 /* AppDelegate.swift in Sources */,
			);
			runOnlyForDeploymentPostprocessing = 0;
		};
/* End PBXSourcesBuildPhase section */

/* Begin PBXVariantGroup section */
		C303108E1D0747A6003D85C3 /* Main.storyboard */ = {
			isa = PBXVariantGroup;
			children = (
				C303108F1D0747A6003D85C3 /* Base */,
			);
			name = Main.storyboard;
			sourceTree = "<group>";
		};
		C30310931D0747A6003D85C3 /* LaunchScreen.storyboard */ = {
			isa = PBXVariantGroup;
			children = (
				C30310941D0747A6003D85C3 /* Base */,
			);
			name = LaunchScreen.storyboard;
			sourceTree = "<group>";
		};
/* End PBXVariantGroup section */

/* Begin XCBuildConfiguration section */
		C30310971D0747A6003D85C3 /* Debug */ = {
			isa = XCBuildConfiguration;
			buildSettings = {
				ALWAYS_SEARCH_USER_PATHS = NO;
				CLANG_ANALYZER_NONNULL = YES;
				CLANG_CXX_LANGUAGE_STANDARD = "gnu++0x";
				CLANG_CXX_LIBRARY = "libc++";
				CLANG_ENABLE_MODULES = YES;
				CLANG_ENABLE_OBJC_ARC = YES;
				CLANG_WARN_BOOL_CONVERSION = YES;
				CLANG_WARN_CONSTANT_CONVERSION = YES;
				CLANG_WARN_DIRECT_OBJC_ISA_USAGE = YES_ERROR;
				CLANG_WARN_EMPTY_BODY = YES;
				CLANG_WARN_ENUM_CONVERSION = YES;
				CLANG_WARN_INT_CONVERSION = YES;
				CLANG_WARN_OBJC_ROOT_CLASS = YES_ERROR;
				CLANG_WARN_UNREACHABLE_CODE = YES;
				CLANG_WARN__DUPLICATE_METHOD_MATCH = YES;
				"CODE_SIGN_IDENTITY[sdk=iphoneos*]" = "iPhone Developer";
				COPY_PHASE_STRIP = NO;
				DEBUG_INFORMATION_FORMAT = dwarf;
				ENABLE_STRICT_OBJC_MSGSEND = YES;
				ENABLE_TESTABILITY = YES;
				GCC_C_LANGUAGE_STANDARD = gnu99;
				GCC_DYNAMIC_NO_PIC = NO;
				GCC_NO_COMMON_BLOCKS = YES;
				GCC_OPTIMIZATION_LEVEL = 0;
				GCC_PREPROCESSOR_DEFINITIONS = (
					"DEBUG=1",
					"$(inherited)",
				);
				GCC_WARN_64_TO_32_BIT_CONVERSION = YES;
				GCC_WARN_ABOUT_RETURN_TYPE = YES_ERROR;
				GCC_WARN_UNDECLARED_SELECTOR = YES;
				GCC_WARN_UNINITIALIZED_AUTOS = YES_AGGRESSIVE;
				GCC_WARN_UNUSED_FUNCTION = YES;
				GCC_WARN_UNUSED_VARIABLE = YES;
				IPHONEOS_DEPLOYMENT_TARGET = 9.3;
				MTL_ENABLE_DEBUG_INFO = YES;
				ONLY_ACTIVE_ARCH = YES;
				SDKROOT = iphoneos;
				SWIFT_OPTIMIZATION_LEVEL = "-Onone";
				TARGETED_DEVICE_FAMILY = "1,2";
			};
			name = Debug;
		};
		C30310981D0747A6003D85C3 /* Release */ = {
			isa = XCBuildConfiguration;
			buildSettings = {
				ALWAYS_SEARCH_USER_PATHS = NO;
				CLANG_ANALYZER_NONNULL = YES;
				CLANG_CXX_LANGUAGE_STANDARD = "gnu++0x";
				CLANG_CXX_LIBRARY = "libc++";
				CLANG_ENABLE_MODULES = YES;
				CLANG_ENABLE_OBJC_ARC = YES;
				CLANG_WARN_BOOL_CONVERSION = YES;
				CLANG_WARN_CONSTANT_CONVERSION = YES;
				CLANG_WARN_DIRECT_OBJC_ISA_USAGE = YES_ERROR;
				CLANG_WARN_EMPTY_BODY = YES;
				CLANG_WARN_ENUM_CONVERSION = YES;
				CLANG_WARN_INT_CONVERSION = YES;
				CLANG_WARN_OBJC_ROOT_CLASS = YES_ERROR;
				CLANG_WARN_UNREACHABLE_CODE = YES;
				CLANG_WARN__DUPLICATE_METHOD_MATCH = YES;
				"CODE_SIGN_IDENTITY[sdk=iphoneos*]" = "iPhone Developer";
				COPY_PHASE_STRIP = NO;
				DEBUG_INFORMATION_FORMAT = "dwarf-with-dsym";
				ENABLE_NS_ASSERTIONS = NO;
				ENABLE_STRICT_OBJC_MSGSEND = YES;
				GCC_C_LANGUAGE_STANDARD = gnu99;
				GCC_NO_COMMON_BLOCKS = YES;
				GCC_WARN_64_TO_32_BIT_CONVERSION = YES;
				GCC_WARN_ABOUT_RETURN_TYPE = YES_ERROR;
				GCC_WARN_UNDECLARED_SELECTOR = YES;
				GCC_WARN_UNINITIALIZED_AUTOS = YES_AGGRESSIVE;
				GCC_WARN_UNUSED_FUNCTION = YES;
				GCC_WARN_UNUSED_VARIABLE = YES;
				IPHONEOS_DEPLOYMENT_TARGET = 9.3;
				MTL_ENABLE_DEBUG_INFO = NO;
				SDKROOT = iphoneos;
				TARGETED_DEVICE_FAMILY = "1,2";
				VALIDATE_PRODUCT = YES;
			};
			name = Release;
		};
		C303109A1D0747A6003D85C3 /* Debug */ = {
			isa = XCBuildConfiguration;
			baseConfigurationReference = 60553D257C83E310F7C8A34A /* Pods-Giphy Search.debug.xcconfig */;
			buildSettings = {
				ASSETCATALOG_COMPILER_APPICON_NAME = AppIcon;
				INFOPLIST_FILE = "Giphy Search/Info.plist";
				LD_RUNPATH_SEARCH_PATHS = "$(inherited) @executable_path/Frameworks";
				PRODUCT_BUNDLE_IDENTIFIER = "com.codyrobbins.Giphy-Search";
				PRODUCT_NAME = "$(TARGET_NAME)";
			};
			name = Debug;
		};
		C303109B1D0747A6003D85C3 /* Release */ = {
			isa = XCBuildConfiguration;
			baseConfigurationReference = 57D26BDCDF773ADE6B9C95AD /* Pods-Giphy Search.release.xcconfig */;
			buildSettings = {
				ASSETCATALOG_COMPILER_APPICON_NAME = AppIcon;
				INFOPLIST_FILE = "Giphy Search/Info.plist";
				LD_RUNPATH_SEARCH_PATHS = "$(inherited) @executable_path/Frameworks";
				PRODUCT_BUNDLE_IDENTIFIER = "com.codyrobbins.Giphy-Search";
				PRODUCT_NAME = "$(TARGET_NAME)";
			};
			name = Release;
		};
/* End XCBuildConfiguration section */

/* Begin XCConfigurationList section */
		C30310821D0747A6003D85C3 /* Build configuration list for PBXProject "Giphy Search" */ = {
			isa = XCConfigurationList;
			buildConfigurations = (
				C30310971D0747A6003D85C3 /* Debug */,
				C30310981D0747A6003D85C3 /* Release */,
			);
			defaultConfigurationIsVisible = 0;
			defaultConfigurationName = Release;
		};
		C30310991D0747A6003D85C3 /* Build configuration list for PBXNativeTarget "Giphy Search" */ = {
			isa = XCConfigurationList;
			buildConfigurations = (
				C303109A1D0747A6003D85C3 /* Debug */,
				C303109B1D0747A6003D85C3 /* Release */,
			);
			defaultConfigurationIsVisible = 0;
			defaultConfigurationName = Release;
		};
/* End XCConfigurationList section */
	};
	rootObject = C303107F1D0747A6003D85C3 /* Project object */;
}
